// !$*UTF8*$!
{
	archiveVersion = 1;
	classes = {
	};
	objectVersion = 46;
	objects = {

/* Begin PBXBuildFile section */
		7E18B9771C8A1DF9008DE62F /* AppDelegate.swift in Sources */ = {isa = PBXBuildFile; fileRef = 7E18B9761C8A1DF9008DE62F /* AppDelegate.swift */; };
		7E18B9791C8A1DF9008DE62F /* Assets.xcassets in Resources */ = {isa = PBXBuildFile; fileRef = 7E18B9781C8A1DF9008DE62F /* Assets.xcassets */; };
		7E18B97C1C8A1DF9008DE62F /* MainMenu.xib in Resources */ = {isa = PBXBuildFile; fileRef = 7E18B97A1C8A1DF9008DE62F /* MainMenu.xib */; };
		7E18B9871C8A1DF9008DE62F /* EmailHelperTests.swift in Sources */ = {isa = PBXBuildFile; fileRef = 7E18B9861C8A1DF9008DE62F /* EmailHelperTests.swift */; };
		7E18B9921C8A1DF9008DE62F /* EmailHelperUITests.swift in Sources */ = {isa = PBXBuildFile; fileRef = 7E18B9911C8A1DF9008DE62F /* EmailHelperUITests.swift */; };
/* End PBXBuildFile section */

/* Begin PBXContainerItemProxy section */
		7E18B9831C8A1DF9008DE62F /* PBXContainerItemProxy */ = {
			isa = PBXContainerItemProxy;
			containerPortal = 7E18B96B1C8A1DF9008DE62F /* Project object */;
			proxyType = 1;
			remoteGlobalIDString = 7E18B9721C8A1DF9008DE62F;
			remoteInfo = EmailHelper;
		};
		7E18B98E1C8A1DF9008DE62F /* PBXContainerItemProxy */ = {
			isa = PBXContainerItemProxy;
			containerPortal = 7E18B96B1C8A1DF9008DE62F /* Project object */;
			proxyType = 1;
			remoteGlobalIDString = 7E18B9721C8A1DF9008DE62F;
			remoteInfo = EmailHelper;
		};
/* End PBXContainerItemProxy section */

/* Begin PBXFileReference section */
		7E18B9731C8A1DF9008DE62F /* EmailHelper.app */ = {isa = PBXFileReference; explicitFileType = wrapper.application; includeInIndex = 0; path = EmailHelper.app; sourceTree = BUILT_PRODUCTS_DIR; };
		7E18B9761C8A1DF9008DE62F /* AppDelegate.swift */ = {isa = PBXFileReference; lastKnownFileType = sourcecode.swift; path = AppDelegate.swift; sourceTree = "<group>"; };
		7E18B9781C8A1DF9008DE62F /* Assets.xcassets */ = {isa = PBXFileReference; lastKnownFileType = folder.assetcatalog; path = Assets.xcassets; sourceTree = "<group>"; };
		7E18B97B1C8A1DF9008DE62F /* Base */ = {isa = PBXFileReference; lastKnownFileType = file.xib; name = Base; path = Base.lproj/MainMenu.xib; sourceTree = "<group>"; };
		7E18B97D1C8A1DF9008DE62F /* Info.plist */ = {isa = PBXFileReference; lastKnownFileType = text.plist.xml; path = Info.plist; sourceTree = "<group>"; };
		7E18B9821C8A1DF9008DE62F /* EmailHelperTests.xctest */ = {isa = PBXFileReference; explicitFileType = wrapper.cfbundle; includeInIndex = 0; path = EmailHelperTests.xctest; sourceTree = BUILT_PRODUCTS_DIR; };
		7E18B9861C8A1DF9008DE62F /* EmailHelperTests.swift */ = {isa = PBXFileReference; lastKnownFileType = sourcecode.swift; path = EmailHelperTests.swift; sourceTree = "<group>"; };
		7E18B9881C8A1DF9008DE62F /* Info.plist */ = {isa = PBXFileReference; lastKnownFileType = text.plist.xml; path = Info.plist; sourceTree = "<group>"; };
		7E18B98D1C8A1DF9008DE62F /* EmailHelperUITests.xctest */ = {isa = PBXFileReference; explicitFileType = wrapper.cfbundle; includeInIndex = 0; path = EmailHelperUITests.xctest; sourceTree = BUILT_PRODUCTS_DIR; };
		7E18B9911C8A1DF9008DE62F /* EmailHelperUITests.swift */ = {isa = PBXFileReference; lastKnownFileType = sourcecode.swift; path = EmailHelperUITests.swift; sourceTree = "<group>"; };
		7E18B9931C8A1DF9008DE62F /* Info.plist */ = {isa = PBXFileReference; lastKnownFileType = text.plist.xml; path = Info.plist; sourceTree = "<group>"; };
/* End PBXFileReference section */

/* Begin PBXFrameworksBuildPhase section */
		7E18B9701C8A1DF9008DE62F /* Frameworks */ = {
			isa = PBXFrameworksBuildPhase;
			buildActionMask = 2147483647;
			files = (
			);
			runOnlyForDeploymentPostprocessing = 0;
		};
		7E18B97F1C8A1DF9008DE62F /* Frameworks */ = {
			isa = PBXFrameworksBuildPhase;
			buildActionMask = 2147483647;
			files = (
			);
			runOnlyForDeploymentPostprocessing = 0;
		};
		7E18B98A1C8A1DF9008DE62F /* Frameworks */ = {
			isa = PBXFrameworksBuildPhase;
			buildActionMask = 2147483647;
			files = (
			);
			runOnlyForDeploymentPostprocessing = 0;
		};
/* End PBXFrameworksBuildPhase section */

/* Begin PBXGroup section */
		7E18B96A1C8A1DF9008DE62F = {
			isa = PBXGroup;
			children = (
				7E18B9751C8A1DF9008DE62F /* EmailHelper */,
				7E18B9851C8A1DF9008DE62F /* EmailHelperTests */,
				7E18B9901C8A1DF9008DE62F /* EmailHelperUITests */,
				7E18B9741C8A1DF9008DE62F /* Products */,
			);
			sourceTree = "<group>";
		};
		7E18B9741C8A1DF9008DE62F /* Products */ = {
			isa = PBXGroup;
			children = (
				7E18B9731C8A1DF9008DE62F /* EmailHelper.app */,
				7E18B9821C8A1DF9008DE62F /* EmailHelperTests.xctest */,
				7E18B98D1C8A1DF9008DE62F /* EmailHelperUITests.xctest */,
			);
			name = Products;
			sourceTree = "<group>";
		};
		7E18B9751C8A1DF9008DE62F /* EmailHelper */ = {
			isa = PBXGroup;
			children = (
				7E18B9761C8A1DF9008DE62F /* AppDelegate.swift */,
				7E18B9781C8A1DF9008DE62F /* Assets.xcassets */,
				7E18B97A1C8A1DF9008DE62F /* MainMenu.xib */,
				7E18B97D1C8A1DF9008DE62F /* Info.plist */,
			);
			path = EmailHelper;
			sourceTree = "<group>";
		};
		7E18B9851C8A1DF9008DE62F /* EmailHelperTests */ = {
			isa = PBXGroup;
			children = (
				7E18B9861C8A1DF9008DE62F /* EmailHelperTests.swift */,
				7E18B9881C8A1DF9008DE62F /* Info.plist */,
			);
			path = EmailHelperTests;
			sourceTree = "<group>";
		};
		7E18B9901C8A1DF9008DE62F /* EmailHelperUITests */ = {
			isa = PBXGroup;
			children = (
				7E18B9911C8A1DF9008DE62F /* EmailHelperUITests.swift */,
				7E18B9931C8A1DF9008DE62F /* Info.plist */,
			);
			path = EmailHelperUITests;
			sourceTree = "<group>";
		};
/* End PBXGroup section */

/* Begin PBXNativeTarget section */
		7E18B9721C8A1DF9008DE62F /* EmailHelper */ = {
			isa = PBXNativeTarget;
			buildConfigurationList = 7E18B9961C8A1DF9008DE62F /* Build configuration list for PBXNativeTarget "EmailHelper" */;
			buildPhases = (
				7E18B96F1C8A1DF9008DE62F /* Sources */,
				7E18B9701C8A1DF9008DE62F /* Frameworks */,
				7E18B9711C8A1DF9008DE62F /* Resources */,
			);
			buildRules = (
			);
			dependencies = (
			);
			name = EmailHelper;
			productName = EmailHelper;
			productReference = 7E18B9731C8A1DF9008DE62F /* EmailHelper.app */;
			productType = "com.apple.product-type.application";
		};
		7E18B9811C8A1DF9008DE62F /* EmailHelperTests */ = {
			isa = PBXNativeTarget;
			buildConfigurationList = 7E18B9991C8A1DF9008DE62F /* Build configuration list for PBXNativeTarget "EmailHelperTests" */;
			buildPhases = (
				7E18B97E1C8A1DF9008DE62F /* Sources */,
				7E18B97F1C8A1DF9008DE62F /* Frameworks */,
				7E18B9801C8A1DF9008DE62F /* Resources */,
			);
			buildRules = (
			);
			dependencies = (
				7E18B9841C8A1DF9008DE62F /* PBXTargetDependency */,
			);
			name = EmailHelperTests;
			productName = EmailHelperTests;
			productReference = 7E18B9821C8A1DF9008DE62F /* EmailHelperTests.xctest */;
			productType = "com.apple.product-type.bundle.unit-test";
		};
		7E18B98C1C8A1DF9008DE62F /* EmailHelperUITests */ = {
			isa = PBXNativeTarget;
			buildConfigurationList = 7E18B99C1C8A1DF9008DE62F /* Build configuration list for PBXNativeTarget "EmailHelperUITests" */;
			buildPhases = (
				7E18B9891C8A1DF9008DE62F /* Sources */,
				7E18B98A1C8A1DF9008DE62F /* Frameworks */,
				7E18B98B1C8A1DF9008DE62F /* Resources */,
			);
			buildRules = (
			);
			dependencies = (
				7E18B98F1C8A1DF9008DE62F /* PBXTargetDependency */,
			);
			name = EmailHelperUITests;
			productName = EmailHelperUITests;
			productReference = 7E18B98D1C8A1DF9008DE62F /* EmailHelperUITests.xctest */;
			productType = "com.apple.product-type.bundle.ui-testing";
		};
/* End PBXNativeTarget section */

/* Begin PBXProject section */
		7E18B96B1C8A1DF9008DE62F /* Project object */ = {
			isa = PBXProject;
			attributes = {
				LastSwiftUpdateCheck = 0720;
				LastUpgradeCheck = 0720;
				ORGANIZATIONNAME = "Alex Fürstenau";
				TargetAttributes = {
					7E18B9721C8A1DF9008DE62F = {
						CreatedOnToolsVersion = 7.2.1;
					};
					7E18B9811C8A1DF9008DE62F = {
						CreatedOnToolsVersion = 7.2.1;
						TestTargetID = 7E18B9721C8A1DF9008DE62F;
					};
					7E18B98C1C8A1DF9008DE62F = {
						CreatedOnToolsVersion = 7.2.1;
						TestTargetID = 7E18B9721C8A1DF9008DE62F;
					};
				};
			};
			buildConfigurationList = 7E18B96E1C8A1DF9008DE62F /* Build configuration list for PBXProject "EmailHelper" */;
			compatibilityVersion = "Xcode 3.2";
			developmentRegion = English;
			hasScannedForEncodings = 0;
			knownRegions = (
				en,
				Base,
			);
			mainGroup = 7E18B96A1C8A1DF9008DE62F;
			productRefGroup = 7E18B9741C8A1DF9008DE62F /* Products */;
			projectDirPath = "";
			projectRoot = "";
			targets = (
				7E18B9721C8A1DF9008DE62F /* EmailHelper */,
				7E18B9811C8A1DF9008DE62F /* EmailHelperTests */,
				7E18B98C1C8A1DF9008DE62F /* EmailHelperUITests */,
			);
		};
/* End PBXProject section */

/* Begin PBXResourcesBuildPhase section */
		7E18B9711C8A1DF9008DE62F /* Resources */ = {
			isa = PBXResourcesBuildPhase;
			buildActionMask = 2147483647;
			files = (
				7E18B9791C8A1DF9008DE62F /* Assets.xcassets in Resources */,
				7E18B97C1C8A1DF9008DE62F /* MainMenu.xib in Resources */,
			);
			runOnlyForDeploymentPostprocessing = 0;
		};
		7E18B9801C8A1DF9008DE62F /* Resources */ = {
			isa = PBXResourcesBuildPhase;
			buildActionMask = 2147483647;
			files = (
			);
			runOnlyForDeploymentPostprocessing = 0;
		};
		7E18B98B1C8A1DF9008DE62F /* Resources */ = {
			isa = PBXResourcesBuildPhase;
			buildActionMask = 2147483647;
			files = (
			);
			runOnlyForDeploymentPostprocessing = 0;
		};
/* End PBXResourcesBuildPhase section */

/* Begin PBXSourcesBuildPhase section */
		7E18B96F1C8A1DF9008DE62F /* Sources */ = {
			isa = PBXSourcesBuildPhase;
			buildActionMask = 2147483647;
			files = (
				7E18B9771C8A1DF9008DE62F /* AppDelegate.swift in Sources */,
			);
			runOnlyForDeploymentPostprocessing = 0;
		};
		7E18B97E1C8A1DF9008DE62F /* Sources */ = {
			isa = PBXSourcesBuildPhase;
			buildActionMask = 2147483647;
			files = (
				7E18B9871C8A1DF9008DE62F /* EmailHelperTests.swift in Sources */,
			);
			runOnlyForDeploymentPostprocessing = 0;
		};
		7E18B9891C8A1DF9008DE62F /* Sources */ = {
			isa = PBXSourcesBuildPhase;
			buildActionMask = 2147483647;
			files = (
				7E18B9921C8A1DF9008DE62F /* EmailHelperUITests.swift in Sources */,
			);
			runOnlyForDeploymentPostprocessing = 0;
		};
/* End PBXSourcesBuildPhase section */

/* Begin PBXTargetDependency section */
		7E18B9841C8A1DF9008DE62F /* PBXTargetDependency */ = {
			isa = PBXTargetDependency;
			target = 7E18B9721C8A1DF9008DE62F /* EmailHelper */;
			targetProxy = 7E18B9831C8A1DF9008DE62F /* PBXContainerItemProxy */;
		};
		7E18B98F1C8A1DF9008DE62F /* PBXTargetDependency */ = {
			isa = PBXTargetDependency;
			target = 7E18B9721C8A1DF9008DE62F /* EmailHelper */;
			targetProxy = 7E18B98E1C8A1DF9008DE62F /* PBXContainerItemProxy */;
		};
/* End PBXTargetDependency section */

/* Begin PBXVariantGroup section */
		7E18B97A1C8A1DF9008DE62F /* MainMenu.xib */ = {
			isa = PBXVariantGroup;
			children = (
				7E18B97B1C8A1DF9008DE62F /* Base */,
			);
			name = MainMenu.xib;
			sourceTree = "<group>";
		};
/* End PBXVariantGroup section */

/* Begin XCBuildConfiguration section */
		7E18B9941C8A1DF9008DE62F /* Debug */ = {
			isa = XCBuildConfiguration;
			buildSettings = {
				ALWAYS_SEARCH_USER_PATHS = NO;
				CLANG_CXX_LANGUAGE_STANDARD = "gnu++0x";
				CLANG_CXX_LIBRARY = "libc++";
				CLANG_ENABLE_MODULES = YES;
				CLANG_ENABLE_OBJC_ARC = YES;
				CLANG_WARN_BOOL_CONVERSION = YES;
				CLANG_WARN_CONSTANT_CONVERSION = YES;
				CLANG_WARN_DIRECT_OBJC_ISA_USAGE = YES_ERROR;
				CLANG_WARN_EMPTY_BODY = YES;
				CLANG_WARN_ENUM_CONVERSION = YES;
				CLANG_WARN_INT_CONVERSION = YES;
				CLANG_WARN_OBJC_ROOT_CLASS = YES_ERROR;
				CLANG_WARN_UNREACHABLE_CODE = YES;
				CLANG_WARN__DUPLICATE_METHOD_MATCH = YES;
				CODE_SIGN_IDENTITY = "-";
				COPY_PHASE_STRIP = NO;
				DEBUG_INFORMATION_FORMAT = dwarf;
				ENABLE_STRICT_OBJC_MSGSEND = YES;
				ENABLE_TESTABILITY = YES;
				GCC_C_LANGUAGE_STANDARD = gnu99;
				GCC_DYNAMIC_NO_PIC = NO;
				GCC_NO_COMMON_BLOCKS = YES;
				GCC_OPTIMIZATION_LEVEL = 0;
				GCC_PREPROCESSOR_DEFINITIONS = (
					"DEBUG=1",
					"$(inherited)",
				);
				GCC_WARN_64_TO_32_BIT_CONVERSION = YES;
				GCC_WARN_ABOUT_RETURN_TYPE = YES_ERROR;
				GCC_WARN_UNDECLARED_SELECTOR = YES;
				GCC_WARN_UNINITIALIZED_AUTOS = YES_AGGRESSIVE;
				GCC_WARN_UNUSED_FUNCTION = YES;
				GCC_WARN_UNUSED_VARIABLE = YES;
				MACOSX_DEPLOYMENT_TARGET = 10.11;
				MTL_ENABLE_DEBUG_INFO = YES;
				ONLY_ACTIVE_ARCH = YES;
				SDKROOT = macosx;
				SWIFT_OPTIMIZATION_LEVEL = "-Onone";
			};
			name = Debug;
		};
		7E18B9951C8A1DF9008DE62F /* Release */ = {
			isa = XCBuildConfiguration;
			buildSettings = {
				ALWAYS_SEARCH_USER_PATHS = NO;
				CLANG_CXX_LANGUAGE_STANDARD = "gnu++0x";
				CLANG_CXX_LIBRARY = "libc++";
				CLANG_ENABLE_MODULES = YES;
				CLANG_ENABLE_OBJC_ARC = YES;
				CLANG_WARN_BOOL_CONVERSION = YES;
				CLANG_WARN_CONSTANT_CONVERSION = YES;
				CLANG_WARN_DIRECT_OBJC_ISA_USAGE = YES_ERROR;
				CLANG_WARN_EMPTY_BODY = YES;
				CLANG_WARN_ENUM_CONVERSION = YES;
				CLANG_WARN_INT_CONVERSION = YES;
				CLANG_WARN_OBJC_ROOT_CLASS = YES_ERROR;
				CLANG_WARN_UNREACHABLE_CODE = YES;
				CLANG_WARN__DUPLICATE_METHOD_MATCH = YES;
				CODE_SIGN_IDENTITY = "-";
				COPY_PHASE_STRIP = NO;
				DEBUG_INFORMATION_FORMAT = "dwarf-with-dsym";
				ENABLE_NS_ASSERTIONS = NO;
				ENABLE_STRICT_OBJC_MSGSEND = YES;
				GCC_C_LANGUAGE_STANDARD = gnu99;
				GCC_NO_COMMON_BLOCKS = YES;
				GCC_WARN_64_TO_32_BIT_CONVERSION = YES;
				GCC_WARN_ABOUT_RETURN_TYPE = YES_ERROR;
				GCC_WARN_UNDECLARED_SELECTOR = YES;
				GCC_WARN_UNINITIALIZED_AUTOS = YES_AGGRESSIVE;
				GCC_WARN_UNUSED_FUNCTION = YES;
				GCC_WARN_UNUSED_VARIABLE = YES;
				MACOSX_DEPLOYMENT_TARGET = 10.11;
				MTL_ENABLE_DEBUG_INFO = NO;
				SDKROOT = macosx;
			};
			name = Release;
		};
		7E18B9971C8A1DF9008DE62F /* Debug */ = {
			isa = XCBuildConfiguration;
			buildSettings = {
				ASSETCATALOG_COMPILER_APPICON_NAME = AppIcon;
				COMBINE_HIDPI_IMAGES = YES;
				INFOPLIST_FILE = EmailHelper/Info.plist;
				LD_RUNPATH_SEARCH_PATHS = "$(inherited) @executable_path/../Frameworks";
				PRODUCT_BUNDLE_IDENTIFIER = alex.EmailHelper;
				PRODUCT_NAME = "$(TARGET_NAME)";
			};
			name = Debug;
		};
		7E18B9981C8A1DF9008DE62F /* Release */ = {
			isa = XCBuildConfiguration;
			buildSettings = {
				ASSETCATALOG_COMPILER_APPICON_NAME = AppIcon;
				COMBINE_HIDPI_IMAGES = YES;
				INFOPLIST_FILE = EmailHelper/Info.plist;
				LD_RUNPATH_SEARCH_PATHS = "$(inherited) @executable_path/../Frameworks";
				PRODUCT_BUNDLE_IDENTIFIER = alex.EmailHelper;
				PRODUCT_NAME = "$(TARGET_NAME)";
			};
			name = Release;
		};
		7E18B99A1C8A1DF9008DE62F /* Debug */ = {
			isa = XCBuildConfiguration;
			buildSettings = {
				BUNDLE_LOADER = "$(TEST_HOST)";
				COMBINE_HIDPI_IMAGES = YES;
				INFOPLIST_FILE = EmailHelperTests/Info.plist;
				LD_RUNPATH_SEARCH_PATHS = "$(inherited) @executable_path/../Frameworks @loader_path/../Frameworks";
				PRODUCT_BUNDLE_IDENTIFIER = alex.EmailHelperTests;
				PRODUCT_NAME = "$(TARGET_NAME)";
				TEST_HOST = "$(BUILT_PRODUCTS_DIR)/EmailHelper.app/Contents/MacOS/EmailHelper";
			};
			name = Debug;
		};
		7E18B99B1C8A1DF9008DE62F /* Release */ = {
			isa = XCBuildConfiguration;
			buildSettings = {
				BUNDLE_LOADER = "$(TEST_HOST)";
				COMBINE_HIDPI_IMAGES = YES;
				INFOPLIST_FILE = EmailHelperTests/Info.plist;
				LD_RUNPATH_SEARCH_PATHS = "$(inherited) @executable_path/../Frameworks @loader_path/../Frameworks";
				PRODUCT_BUNDLE_IDENTIFIER = alex.EmailHelperTests;
				PRODUCT_NAME = "$(TARGET_NAME)";
				TEST_HOST = "$(BUILT_PRODUCTS_DIR)/EmailHelper.app/Contents/MacOS/EmailHelper";
			};
			name = Release;
		};
		7E18B99D1C8A1DF9008DE62F /* Debug */ = {
			isa = XCBuildConfiguration;
			buildSettings = {
				COMBINE_HIDPI_IMAGES = YES;
				INFOPLIST_FILE = EmailHelperUITests/Info.plist;
				LD_RUNPATH_SEARCH_PATHS = "$(inherited) @executable_path/../Frameworks @loader_path/../Frameworks";
				PRODUCT_BUNDLE_IDENTIFIER = alex.EmailHelperUITests;
				PRODUCT_NAME = "$(TARGET_NAME)";
				TEST_TARGET_NAME = EmailHelper;
				USES_XCTRUNNER = YES;
			};
			name = Debug;
		};
		7E18B99E1C8A1DF9008DE62F /* Release */ = {
			isa = XCBuildConfiguration;
			buildSettings = {
				COMBINE_HIDPI_IMAGES = YES;
				INFOPLIST_FILE = EmailHelperUITests/Info.plist;
				LD_RUNPATH_SEARCH_PATHS = "$(inherited) @executable_path/../Frameworks @loader_path/../Frameworks";
				PRODUCT_BUNDLE_IDENTIFIER = alex.EmailHelperUITests;
				PRODUCT_NAME = "$(TARGET_NAME)";
				TEST_TARGET_NAME = EmailHelper;
				USES_XCTRUNNER = YES;
			};
			name = Release;
		};
/* End XCBuildConfiguration section */

/* Begin XCConfigurationList section */
		7E18B96E1C8A1DF9008DE62F /* Build configuration list for PBXProject "EmailHelper" */ = {
			isa = XCConfigurationList;
			buildConfigurations = (
				7E18B9941C8A1DF9008DE62F /* Debug */,
				7E18B9951C8A1DF9008DE62F /* Release */,
			);
			defaultConfigurationIsVisible = 0;
			defaultConfigurationName = Release;
		};
		7E18B9961C8A1DF9008DE62F /* Build configuration list for PBXNativeTarget "EmailHelper" */ = {
			isa = XCConfigurationList;
			buildConfigurations = (
				7E18B9971C8A1DF9008DE62F /* Debug */,
				7E18B9981C8A1DF9008DE62F /* Release */,
			);
			defaultConfigurationIsVisible = 0;
		};
		7E18B9991C8A1DF9008DE62F /* Build configuration list for PBXNativeTarget "EmailHelperTests" */ = {
			isa = XCConfigurationList;
			buildConfigurations = (
				7E18B99A1C8A1DF9008DE62F /* Debug */,
				7E18B99B1C8A1DF9008DE62F /* Release */,
			);
			defaultConfigurationIsVisible = 0;
		};
		7E18B99C1C8A1DF9008DE62F /* Build configuration list for PBXNativeTarget "EmailHelperUITests" */ = {
			isa = XCConfigurationList;
			buildConfigurations = (
				7E18B99D1C8A1DF9008DE62F /* Debug */,
				7E18B99E1C8A1DF9008DE62F /* Release */,
			);
			defaultConfigurationIsVisible = 0;
		};
/* End XCConfigurationList section */
	};
	rootObject = 7E18B96B1C8A1DF9008DE62F /* Project object */;
}
